hash: acd9eed0f1a24350a1e37be26ff6d9a945bce1088b190f2f36a178af4de2a8a8
updated: 2016-11-02T11:00:45.772970927-07:00
imports:
- name: github.com/russross/blackfriday
  version: 5f33e7b7878355cd2b7e6b8eefc48a5472c69f70
- name: github.com/shurcooL/sanitized_anchor_name
  version: 1dba4b3954bc059efc3991ec364f9f9a35f597d2
testImports: []
