hash: 0ac48dbeb4bbe2a08a5cb34d9f16ca1f2780a128dc195d51f301e11f2ebcd028
updated: 2016-11-08T06:55:46.264683866-08:00
imports:
- name: github.com/russross/blackfriday
  version: 52676fb0053ff19b59451b2aed2a1b8de7d89592
- name: github.com/shurcooL/sanitized_anchor_name
  version: 1dba4b3954bc059efc3991ec364f9f9a35f597d2
testImports: []
